
Microsoft Visual Studio Solution File, Format Version 12.00
# Visual Studio 14
VisualStudioVersion = 14.0.25420.1
MinimumVisualStudioVersion = 10.0.40219.1
Project("{FAE04EC0-301F-11D3-BF4B-00C04F79EFBC}") = "WcfBL", "WcfLibrairie\WcfBL.csproj", "{B7941C2D-E6AC-432E-A7DF-BA6C913B47F4}"
EndProject
Project("{FAE04EC0-301F-11D3-BF4B-00C04F79EFBC}") = "DAL", "DAL\DAL.csproj", "{754BA927-62DE-42A3-9381-6AEEA3F440BC}"
EndProject
Project("{FAE04EC0-301F-11D3-BF4B-00C04F79EFBC}") = "BusinessObjects", "BusinessObjects\BusinessObjects.csproj", "{00D31541-D2A2-4EB3-BE6F-E2A8EA13F4FB}"
EndProject
Project("{FAE04EC0-301F-11D3-BF4B-00C04F79EFBC}") = "EL", "EL\EL.csproj", "{3BD97A9A-E8E2-4B28-97B4-2247C487FEF5}"
EndProject
Project("{FAE04EC0-301F-11D3-BF4B-00C04F79EFBC}") = "WcfBLAffiliate", "WcfBLAffiliate\WcfBLAffiliate.csproj", "{3D60BFBC-56A5-485A-B863-54F1396E8F5B}"
EndProject
Global
	GlobalSection(SolutionConfigurationPlatforms) = preSolution
		Debug|Any CPU = Debug|Any CPU
		Release|Any CPU = Release|Any CPU
	EndGlobalSection
	GlobalSection(ProjectConfigurationPlatforms) = postSolution
		{B7941C2D-E6AC-432E-A7DF-BA6C913B47F4}.Debug|Any CPU.ActiveCfg = Debug|Any CPU
		{B7941C2D-E6AC-432E-A7DF-BA6C913B47F4}.Debug|Any CPU.Build.0 = Debug|Any CPU
		{B7941C2D-E6AC-432E-A7DF-BA6C913B47F4}.Release|Any CPU.ActiveCfg = Release|Any CPU
		{B7941C2D-E6AC-432E-A7DF-BA6C913B47F4}.Release|Any CPU.Build.0 = Release|Any CPU
		{754BA927-62DE-42A3-9381-6AEEA3F440BC}.Debug|Any CPU.ActiveCfg = Debug|Any CPU
		{754BA927-62DE-42A3-9381-6AEEA3F440BC}.Debug|Any CPU.Build.0 = Debug|Any CPU
		{754BA927-62DE-42A3-9381-6AEEA3F440BC}.Release|Any CPU.ActiveCfg = Release|Any CPU
		{754BA927-62DE-42A3-9381-6AEEA3F440BC}.Release|Any CPU.Build.0 = Release|Any CPU
		{00D31541-D2A2-4EB3-BE6F-E2A8EA13F4FB}.Debug|Any CPU.ActiveCfg = Debug|Any CPU
		{00D31541-D2A2-4EB3-BE6F-E2A8EA13F4FB}.Debug|Any CPU.Build.0 = Debug|Any CPU
		{00D31541-D2A2-4EB3-BE6F-E2A8EA13F4FB}.Release|Any CPU.ActiveCfg = Release|Any CPU
		{00D31541-D2A2-4EB3-BE6F-E2A8EA13F4FB}.Release|Any CPU.Build.0 = Release|Any CPU
		{3BD97A9A-E8E2-4B28-97B4-2247C487FEF5}.Debug|Any CPU.ActiveCfg = Debug|Any CPU
		{3BD97A9A-E8E2-4B28-97B4-2247C487FEF5}.Debug|Any CPU.Build.0 = Debug|Any CPU
		{3BD97A9A-E8E2-4B28-97B4-2247C487FEF5}.Release|Any CPU.ActiveCfg = Release|Any CPU
		{3BD97A9A-E8E2-4B28-97B4-2247C487FEF5}.Release|Any CPU.Build.0 = Release|Any CPU
		{3D60BFBC-56A5-485A-B863-54F1396E8F5B}.Debug|Any CPU.ActiveCfg = Debug|Any CPU
		{3D60BFBC-56A5-485A-B863-54F1396E8F5B}.Debug|Any CPU.Build.0 = Debug|Any CPU
		{3D60BFBC-56A5-485A-B863-54F1396E8F5B}.Release|Any CPU.ActiveCfg = Release|Any CPU
		{3D60BFBC-56A5-485A-B863-54F1396E8F5B}.Release|Any CPU.Build.0 = Release|Any CPU
	EndGlobalSection
	GlobalSection(SolutionProperties) = preSolution
		HideSolutionNode = FALSE
	EndGlobalSection
EndGlobal
